// !$*UTF8*$!
{
	archiveVersion = 1;
	classes = {
	};
	objectVersion = 56;
	objects = {

/* Begin PBXBuildFile section */
		CE15CA3B2A33662500870A3C /* UserProfileViewController.swift in Sources */ = {isa = PBXBuildFile; fileRef = CE15CA3A2A33662500870A3C /* UserProfileViewController.swift */; };
		CE15CA3D2A33687B00870A3C /* User.swift in Sources */ = {isa = PBXBuildFile; fileRef = CE15CA3C2A33687B00870A3C /* User.swift */; };
		CE1C208B2A692F400096C2E0 /* ReservationDetailsViewController.swift in Sources */ = {isa = PBXBuildFile; fileRef = CE1C208A2A692F400096C2E0 /* ReservationDetailsViewController.swift */; };
		CE2896352A5862DF009A829E /* FirebaseStorage in Frameworks */ = {isa = PBXBuildFile; productRef = CE2896342A5862DF009A829E /* FirebaseStorage */; };
		CE2BD5722A2BB20800F0A567 /* BasketFoodCollectionViewCell.swift in Sources */ = {isa = PBXBuildFile; fileRef = CE2BD5702A2BB20800F0A567 /* BasketFoodCollectionViewCell.swift */; };
		CE2BD5732A2BB20800F0A567 /* BasketFoodCollectionViewCell.xib in Resources */ = {isa = PBXBuildFile; fileRef = CE2BD5712A2BB20800F0A567 /* BasketFoodCollectionViewCell.xib */; };
		CE347EB02A56F6F8004C120A /* Toast in Frameworks */ = {isa = PBXBuildFile; productRef = CE347EAF2A56F6F8004C120A /* Toast */; };
		CE3A8A462A43401E0039605A /* IQKeyboardManagerSwift in Frameworks */ = {isa = PBXBuildFile; productRef = CE3A8A452A43401E0039605A /* IQKeyboardManagerSwift */; };
		CE41DAA92A24FFA5006429EE /* SearchFoodViewCell.swift in Sources */ = {isa = PBXBuildFile; fileRef = CE41DAA72A24FFA5006429EE /* SearchFoodViewCell.swift */; };
		CE41DAAA2A24FFA5006429EE /* SearchFoodViewCell.xib in Resources */ = {isa = PBXBuildFile; fileRef = CE41DAA82A24FFA5006429EE /* SearchFoodViewCell.xib */; };
		CE4C24C72A290B8200586A89 /* MyVariables.swift in Sources */ = {isa = PBXBuildFile; fileRef = CE4C24C62A290B8200586A89 /* MyVariables.swift */; };
		CE4D25512A2E75EE00891CEE /* UIViewControllerExtension.swift in Sources */ = {isa = PBXBuildFile; fileRef = CE4D25502A2E75EE00891CEE /* UIViewControllerExtension.swift */; };
		CE569DD92A30CDE20002CC05 /* StringExtension.swift in Sources */ = {isa = PBXBuildFile; fileRef = CE569DD82A30CDE20002CC05 /* StringExtension.swift */; };
		CE57D1292A3247FE0009BBF3 /* LogInViewController.swift in Sources */ = {isa = PBXBuildFile; fileRef = CE57D1282A3247FD0009BBF3 /* LogInViewController.swift */; };
		CE57D12B2A32481B0009BBF3 /* SignUpViewController.swift in Sources */ = {isa = PBXBuildFile; fileRef = CE57D12A2A32481B0009BBF3 /* SignUpViewController.swift */; };
		CE5B38BD2A55D34800847D5A /* PromotionViewCell.swift in Sources */ = {isa = PBXBuildFile; fileRef = CE5B38BB2A55D34800847D5A /* PromotionViewCell.swift */; };
		CE5B38BE2A55D34800847D5A /* PromotionViewCell.xib in Resources */ = {isa = PBXBuildFile; fileRef = CE5B38BC2A55D34800847D5A /* PromotionViewCell.xib */; };
		CE5B38C02A55D62B00847D5A /* Promotion.swift in Sources */ = {isa = PBXBuildFile; fileRef = CE5B38BF2A55D62B00847D5A /* Promotion.swift */; };
		CE6A6F412A222F0F0054017A /* DishDetailViewController.swift in Sources */ = {isa = PBXBuildFile; fileRef = CE6A6F402A222F0F0054017A /* DishDetailViewController.swift */; };
		CE740BD62A7B98C00040DFFD /* UserLoggedOutUITests.swift in Sources */ = {isa = PBXBuildFile; fileRef = CE740BD52A7B98C00040DFFD /* UserLoggedOutUITests.swift */; };
		CE75EF0A2A1BC37600E5B8C9 /* AppDelegate.swift in Sources */ = {isa = PBXBuildFile; fileRef = CE75EF092A1BC37600E5B8C9 /* AppDelegate.swift */; };
		CE75EF0C2A1BC37600E5B8C9 /* SceneDelegate.swift in Sources */ = {isa = PBXBuildFile; fileRef = CE75EF0B2A1BC37600E5B8C9 /* SceneDelegate.swift */; };
		CE75EF112A1BC37600E5B8C9 /* Main.storyboard in Resources */ = {isa = PBXBuildFile; fileRef = CE75EF0F2A1BC37600E5B8C9 /* Main.storyboard */; };
		CE75EF132A1BC37800E5B8C9 /* Assets.xcassets in Resources */ = {isa = PBXBuildFile; fileRef = CE75EF122A1BC37800E5B8C9 /* Assets.xcassets */; };
		CE75EF162A1BC37800E5B8C9 /* LaunchScreen.storyboard in Resources */ = {isa = PBXBuildFile; fileRef = CE75EF142A1BC37800E5B8C9 /* LaunchScreen.storyboard */; };
		CE75EF1E2A1BC64800E5B8C9 /* GoogleService-Info.plist in Resources */ = {isa = PBXBuildFile; fileRef = CE75EF1D2A1BC64800E5B8C9 /* GoogleService-Info.plist */; };
		CE75EF212A1BC6D300E5B8C9 /* FirebaseAuth in Frameworks */ = {isa = PBXBuildFile; productRef = CE75EF202A1BC6D300E5B8C9 /* FirebaseAuth */; };
		CE75EF232A1BC6D300E5B8C9 /* FirebaseFirestore in Frameworks */ = {isa = PBXBuildFile; productRef = CE75EF222A1BC6D300E5B8C9 /* FirebaseFirestore */; };
		CE75EF252A1BC6D300E5B8C9 /* FirebaseFirestoreSwift in Frameworks */ = {isa = PBXBuildFile; productRef = CE75EF242A1BC6D300E5B8C9 /* FirebaseFirestoreSwift */; };
		CE75EF282A1BD62500E5B8C9 /* DancingScript-VariableFont_wght.ttf in Resources */ = {isa = PBXBuildFile; fileRef = CE75EF272A1BD62500E5B8C9 /* DancingScript-VariableFont_wght.ttf */; };
		CE80597A2A279DD00078887F /* FoodManager.swift in Sources */ = {isa = PBXBuildFile; fileRef = CE8059792A279DD00078887F /* FoodManager.swift */; };
		CE820DD02A20BFFC0043D8BC /* CategoryViewCell.swift in Sources */ = {isa = PBXBuildFile; fileRef = CE820DCE2A20BFFC0043D8BC /* CategoryViewCell.swift */; };
		CE820DD12A20BFFC0043D8BC /* CategoryViewCell.xib in Resources */ = {isa = PBXBuildFile; fileRef = CE820DCF2A20BFFC0043D8BC /* CategoryViewCell.xib */; };
		CE820DD32A20C3DC0043D8BC /* DishCategory.swift in Sources */ = {isa = PBXBuildFile; fileRef = CE820DD22A20C3DC0043D8BC /* DishCategory.swift */; };
		CE820DD52A20CDFE0043D8BC /* CategoryCardView.swift in Sources */ = {isa = PBXBuildFile; fileRef = CE820DD42A20CDFD0043D8BC /* CategoryCardView.swift */; };
		CE82734C2A7A8C4200B00EA9 /* RestoranAppIsmarViscaUITests.swift in Sources */ = {isa = PBXBuildFile; fileRef = CE82734B2A7A8C4200B00EA9 /* RestoranAppIsmarViscaUITests.swift */; };
		CE82734E2A7A8C4200B00EA9 /* RestoranAppIsmarViscaUITestsLaunchTests.swift in Sources */ = {isa = PBXBuildFile; fileRef = CE82734D2A7A8C4200B00EA9 /* RestoranAppIsmarViscaUITestsLaunchTests.swift */; };
		CE9280AC2A1E5DF3009AC83B /* HomeViewController.swift in Sources */ = {isa = PBXBuildFile; fileRef = CE9280AB2A1E5DF3009AC83B /* HomeViewController.swift */; };
		CE9280AE2A1E5E1E009AC83B /* SearchViewController.swift in Sources */ = {isa = PBXBuildFile; fileRef = CE9280AD2A1E5E1E009AC83B /* SearchViewController.swift */; };
		CE9280B02A1E5E4A009AC83B /* BasketViewController.swift in Sources */ = {isa = PBXBuildFile; fileRef = CE9280AF2A1E5E4A009AC83B /* BasketViewController.swift */; };
		CE9280B22A1E5E7C009AC83B /* ProfileViewController.swift in Sources */ = {isa = PBXBuildFile; fileRef = CE9280B12A1E5E7C009AC83B /* ProfileViewController.swift */; };
		CE9280B62A1E665F009AC83B /* HomeFoodViewCell.swift in Sources */ = {isa = PBXBuildFile; fileRef = CE9280B42A1E665F009AC83B /* HomeFoodViewCell.swift */; };
		CE9280B72A1E665F009AC83B /* HomeFoodViewCell.xib in Resources */ = {isa = PBXBuildFile; fileRef = CE9280B52A1E665F009AC83B /* HomeFoodViewCell.xib */; };
		CE9280BA2A1E6B17009AC83B /* FoodDish.swift in Sources */ = {isa = PBXBuildFile; fileRef = CE9280B92A1E6B17009AC83B /* FoodDish.swift */; };
		CE95508D2A34C67300467CE4 /* ProfileNavigationViewController.swift in Sources */ = {isa = PBXBuildFile; fileRef = CE95508C2A34C67300467CE4 /* ProfileNavigationViewController.swift */; };
		CE9B2EF72A3A5555007393B7 /* BasketOrderViewController.swift in Sources */ = {isa = PBXBuildFile; fileRef = CE9B2EF62A3A5555007393B7 /* BasketOrderViewController.swift */; };
		CEA38B902A4B487900815518 /* NoBasketNavigationViewController.swift in Sources */ = {isa = PBXBuildFile; fileRef = CEA38B8F2A4B487900815518 /* NoBasketNavigationViewController.swift */; };
		CEA5D4712A532F0B007567D5 /* PasswordResetViewController.swift in Sources */ = {isa = PBXBuildFile; fileRef = CEA5D4702A532F0B007567D5 /* PasswordResetViewController.swift */; };
		CEB21C382A574D3E0023B0A0 /* RSKImageCropper in Frameworks */ = {isa = PBXBuildFile; productRef = CEB21C372A574D3E0023B0A0 /* RSKImageCropper */; };
		CEB422AA2A6817A7001D778B /* ReservationsViewController.swift in Sources */ = {isa = PBXBuildFile; fileRef = CEB422A92A6817A7001D778B /* ReservationsViewController.swift */; };
		CEB422AC2A6821EC001D778B /* UIDatePickerExtension.swift in Sources */ = {isa = PBXBuildFile; fileRef = CEB422AB2A6821EC001D778B /* UIDatePickerExtension.swift */; };
		CEB508432A3B83FC008E7347 /* ChangeUserDetailsViewController.swift in Sources */ = {isa = PBXBuildFile; fileRef = CEB508422A3B83FC008E7347 /* ChangeUserDetailsViewController.swift */; };
		CEB508452A3B8633008E7347 /* UserProfileNavigationController.swift in Sources */ = {isa = PBXBuildFile; fileRef = CEB508442A3B8633008E7347 /* UserProfileNavigationController.swift */; };
		CECA9FB42A7BD148000DF9CC /* UserLoggedInUITests.swift in Sources */ = {isa = PBXBuildFile; fileRef = CECA9FB32A7BD148000DF9CC /* UserLoggedInUITests.swift */; };
		CECEFCA02A262A5B00B84B21 /* ImageCardView.swift in Sources */ = {isa = PBXBuildFile; fileRef = CECEFC9F2A262A5B00B84B21 /* ImageCardView.swift */; };
		CEECAA2D2A35ECB5009107A7 /* NoBasketViewController.swift in Sources */ = {isa = PBXBuildFile; fileRef = CEECAA2C2A35ECB5009107A7 /* NoBasketViewController.swift */; };
/* End PBXBuildFile section */

/* Begin PBXContainerItemProxy section */
		CE82734F2A7A8C4200B00EA9 /* PBXContainerItemProxy */ = {
			isa = PBXContainerItemProxy;
			containerPortal = CE75EEFE2A1BC37600E5B8C9 /* Project object */;
			proxyType = 1;
			remoteGlobalIDString = CE75EF052A1BC37600E5B8C9;
			remoteInfo = RestoranAppIsmarVisca;
		};
/* End PBXContainerItemProxy section */

/* Begin PBXFileReference section */
		CE15CA3A2A33662500870A3C /* UserProfileViewController.swift */ = {isa = PBXFileReference; lastKnownFileType = sourcecode.swift; path = UserProfileViewController.swift; sourceTree = "<group>"; };
		CE15CA3C2A33687B00870A3C /* User.swift */ = {isa = PBXFileReference; lastKnownFileType = sourcecode.swift; path = User.swift; sourceTree = "<group>"; };
		CE1C208A2A692F400096C2E0 /* ReservationDetailsViewController.swift */ = {isa = PBXFileReference; lastKnownFileType = sourcecode.swift; path = ReservationDetailsViewController.swift; sourceTree = "<group>"; };
		CE2BD5702A2BB20800F0A567 /* BasketFoodCollectionViewCell.swift */ = {isa = PBXFileReference; lastKnownFileType = sourcecode.swift; path = BasketFoodCollectionViewCell.swift; sourceTree = "<group>"; };
		CE2BD5712A2BB20800F0A567 /* BasketFoodCollectionViewCell.xib */ = {isa = PBXFileReference; lastKnownFileType = file.xib; path = BasketFoodCollectionViewCell.xib; sourceTree = "<group>"; };
		CE41DAA72A24FFA5006429EE /* SearchFoodViewCell.swift */ = {isa = PBXFileReference; lastKnownFileType = sourcecode.swift; path = SearchFoodViewCell.swift; sourceTree = "<group>"; };
		CE41DAA82A24FFA5006429EE /* SearchFoodViewCell.xib */ = {isa = PBXFileReference; lastKnownFileType = file.xib; path = SearchFoodViewCell.xib; sourceTree = "<group>"; };
		CE4C24C62A290B8200586A89 /* MyVariables.swift */ = {isa = PBXFileReference; lastKnownFileType = sourcecode.swift; path = MyVariables.swift; sourceTree = "<group>"; };
		CE4D25502A2E75EE00891CEE /* UIViewControllerExtension.swift */ = {isa = PBXFileReference; lastKnownFileType = sourcecode.swift; path = UIViewControllerExtension.swift; sourceTree = "<group>"; };
		CE569DD82A30CDE20002CC05 /* StringExtension.swift */ = {isa = PBXFileReference; lastKnownFileType = sourcecode.swift; path = StringExtension.swift; sourceTree = "<group>"; };
		CE57D1282A3247FD0009BBF3 /* LogInViewController.swift */ = {isa = PBXFileReference; lastKnownFileType = sourcecode.swift; path = LogInViewController.swift; sourceTree = "<group>"; };
		CE57D12A2A32481B0009BBF3 /* SignUpViewController.swift */ = {isa = PBXFileReference; lastKnownFileType = sourcecode.swift; path = SignUpViewController.swift; sourceTree = "<group>"; };
		CE5B38BB2A55D34800847D5A /* PromotionViewCell.swift */ = {isa = PBXFileReference; lastKnownFileType = sourcecode.swift; path = PromotionViewCell.swift; sourceTree = "<group>"; };
		CE5B38BC2A55D34800847D5A /* PromotionViewCell.xib */ = {isa = PBXFileReference; lastKnownFileType = file.xib; path = PromotionViewCell.xib; sourceTree = "<group>"; };
		CE5B38BF2A55D62B00847D5A /* Promotion.swift */ = {isa = PBXFileReference; lastKnownFileType = sourcecode.swift; path = Promotion.swift; sourceTree = "<group>"; };
		CE6A6F402A222F0F0054017A /* DishDetailViewController.swift */ = {isa = PBXFileReference; lastKnownFileType = sourcecode.swift; path = DishDetailViewController.swift; sourceTree = "<group>"; };
		CE740BD52A7B98C00040DFFD /* UserLoggedOutUITests.swift */ = {isa = PBXFileReference; lastKnownFileType = sourcecode.swift; path = UserLoggedOutUITests.swift; sourceTree = "<group>"; };
		CE75EF062A1BC37600E5B8C9 /* RestoranAppIsmarVisca.app */ = {isa = PBXFileReference; explicitFileType = wrapper.application; includeInIndex = 0; path = RestoranAppIsmarVisca.app; sourceTree = BUILT_PRODUCTS_DIR; };
		CE75EF092A1BC37600E5B8C9 /* AppDelegate.swift */ = {isa = PBXFileReference; lastKnownFileType = sourcecode.swift; path = AppDelegate.swift; sourceTree = "<group>"; };
		CE75EF0B2A1BC37600E5B8C9 /* SceneDelegate.swift */ = {isa = PBXFileReference; lastKnownFileType = sourcecode.swift; path = SceneDelegate.swift; sourceTree = "<group>"; };
		CE75EF102A1BC37600E5B8C9 /* Base */ = {isa = PBXFileReference; lastKnownFileType = file.storyboard; name = Base; path = Base.lproj/Main.storyboard; sourceTree = "<group>"; };
		CE75EF122A1BC37800E5B8C9 /* Assets.xcassets */ = {isa = PBXFileReference; lastKnownFileType = folder.assetcatalog; path = Assets.xcassets; sourceTree = "<group>"; };
		CE75EF152A1BC37800E5B8C9 /* Base */ = {isa = PBXFileReference; lastKnownFileType = file.storyboard; name = Base; path = Base.lproj/LaunchScreen.storyboard; sourceTree = "<group>"; };
		CE75EF172A1BC37800E5B8C9 /* Info.plist */ = {isa = PBXFileReference; lastKnownFileType = text.plist.xml; path = Info.plist; sourceTree = "<group>"; };
		CE75EF1D2A1BC64800E5B8C9 /* GoogleService-Info.plist */ = {isa = PBXFileReference; fileEncoding = 4; lastKnownFileType = text.plist.xml; path = "GoogleService-Info.plist"; sourceTree = "<group>"; };
		CE75EF272A1BD62500E5B8C9 /* DancingScript-VariableFont_wght.ttf */ = {isa = PBXFileReference; lastKnownFileType = file; path = "DancingScript-VariableFont_wght.ttf"; sourceTree = "<group>"; };
		CE8059792A279DD00078887F /* FoodManager.swift */ = {isa = PBXFileReference; lastKnownFileType = sourcecode.swift; path = FoodManager.swift; sourceTree = "<group>"; };
		CE820DCE2A20BFFC0043D8BC /* CategoryViewCell.swift */ = {isa = PBXFileReference; lastKnownFileType = sourcecode.swift; path = CategoryViewCell.swift; sourceTree = "<group>"; };
		CE820DCF2A20BFFC0043D8BC /* CategoryViewCell.xib */ = {isa = PBXFileReference; lastKnownFileType = file.xib; path = CategoryViewCell.xib; sourceTree = "<group>"; };
		CE820DD22A20C3DC0043D8BC /* DishCategory.swift */ = {isa = PBXFileReference; lastKnownFileType = sourcecode.swift; path = DishCategory.swift; sourceTree = "<group>"; };
		CE820DD42A20CDFD0043D8BC /* CategoryCardView.swift */ = {isa = PBXFileReference; lastKnownFileType = sourcecode.swift; path = CategoryCardView.swift; sourceTree = "<group>"; };
		CE8273492A7A8C4200B00EA9 /* RestoranAppIsmarViscaUITests.xctest */ = {isa = PBXFileReference; explicitFileType = wrapper.cfbundle; includeInIndex = 0; path = RestoranAppIsmarViscaUITests.xctest; sourceTree = BUILT_PRODUCTS_DIR; };
		CE82734B2A7A8C4200B00EA9 /* RestoranAppIsmarViscaUITests.swift */ = {isa = PBXFileReference; lastKnownFileType = sourcecode.swift; path = RestoranAppIsmarViscaUITests.swift; sourceTree = "<group>"; };
		CE82734D2A7A8C4200B00EA9 /* RestoranAppIsmarViscaUITestsLaunchTests.swift */ = {isa = PBXFileReference; lastKnownFileType = sourcecode.swift; path = RestoranAppIsmarViscaUITestsLaunchTests.swift; sourceTree = "<group>"; };
		CE9280AB2A1E5DF3009AC83B /* HomeViewController.swift */ = {isa = PBXFileReference; lastKnownFileType = sourcecode.swift; path = HomeViewController.swift; sourceTree = "<group>"; };
		CE9280AD2A1E5E1E009AC83B /* SearchViewController.swift */ = {isa = PBXFileReference; lastKnownFileType = sourcecode.swift; path = SearchViewController.swift; sourceTree = "<group>"; };
		CE9280AF2A1E5E4A009AC83B /* BasketViewController.swift */ = {isa = PBXFileReference; lastKnownFileType = sourcecode.swift; path = BasketViewController.swift; sourceTree = "<group>"; };
		CE9280B12A1E5E7C009AC83B /* ProfileViewController.swift */ = {isa = PBXFileReference; lastKnownFileType = sourcecode.swift; path = ProfileViewController.swift; sourceTree = "<group>"; };
		CE9280B42A1E665F009AC83B /* HomeFoodViewCell.swift */ = {isa = PBXFileReference; lastKnownFileType = sourcecode.swift; path = HomeFoodViewCell.swift; sourceTree = "<group>"; };
		CE9280B52A1E665F009AC83B /* HomeFoodViewCell.xib */ = {isa = PBXFileReference; lastKnownFileType = file.xib; path = HomeFoodViewCell.xib; sourceTree = "<group>"; };
		CE9280B92A1E6B17009AC83B /* FoodDish.swift */ = {isa = PBXFileReference; lastKnownFileType = sourcecode.swift; path = FoodDish.swift; sourceTree = "<group>"; };
		CE95508C2A34C67300467CE4 /* ProfileNavigationViewController.swift */ = {isa = PBXFileReference; lastKnownFileType = sourcecode.swift; path = ProfileNavigationViewController.swift; sourceTree = "<group>"; };
		CE9B2EF62A3A5555007393B7 /* BasketOrderViewController.swift */ = {isa = PBXFileReference; lastKnownFileType = sourcecode.swift; path = BasketOrderViewController.swift; sourceTree = "<group>"; };
		CEA38B8F2A4B487900815518 /* NoBasketNavigationViewController.swift */ = {isa = PBXFileReference; lastKnownFileType = sourcecode.swift; path = NoBasketNavigationViewController.swift; sourceTree = "<group>"; };
		CEA5D4702A532F0B007567D5 /* PasswordResetViewController.swift */ = {isa = PBXFileReference; lastKnownFileType = sourcecode.swift; path = PasswordResetViewController.swift; sourceTree = "<group>"; };
		CEB422A92A6817A7001D778B /* ReservationsViewController.swift */ = {isa = PBXFileReference; lastKnownFileType = sourcecode.swift; path = ReservationsViewController.swift; sourceTree = "<group>"; };
		CEB422AB2A6821EC001D778B /* UIDatePickerExtension.swift */ = {isa = PBXFileReference; lastKnownFileType = sourcecode.swift; path = UIDatePickerExtension.swift; sourceTree = "<group>"; };
		CEB508422A3B83FC008E7347 /* ChangeUserDetailsViewController.swift */ = {isa = PBXFileReference; lastKnownFileType = sourcecode.swift; path = ChangeUserDetailsViewController.swift; sourceTree = "<group>"; };
		CEB508442A3B8633008E7347 /* UserProfileNavigationController.swift */ = {isa = PBXFileReference; lastKnownFileType = sourcecode.swift; path = UserProfileNavigationController.swift; sourceTree = "<group>"; };
		CECA9FB32A7BD148000DF9CC /* UserLoggedInUITests.swift */ = {isa = PBXFileReference; lastKnownFileType = sourcecode.swift; path = UserLoggedInUITests.swift; sourceTree = "<group>"; };
		CECEFC9F2A262A5B00B84B21 /* ImageCardView.swift */ = {isa = PBXFileReference; lastKnownFileType = sourcecode.swift; path = ImageCardView.swift; sourceTree = "<group>"; };
		CEECAA2C2A35ECB5009107A7 /* NoBasketViewController.swift */ = {isa = PBXFileReference; lastKnownFileType = sourcecode.swift; path = NoBasketViewController.swift; sourceTree = "<group>"; };
/* End PBXFileReference section */

/* Begin PBXFrameworksBuildPhase section */
		CE75EF032A1BC37600E5B8C9 /* Frameworks */ = {
			isa = PBXFrameworksBuildPhase;
			buildActionMask = 2147483647;
			files = (
				CE75EF212A1BC6D300E5B8C9 /* FirebaseAuth in Frameworks */,
				CE3A8A462A43401E0039605A /* IQKeyboardManagerSwift in Frameworks */,
				CE75EF232A1BC6D300E5B8C9 /* FirebaseFirestore in Frameworks */,
				CE347EB02A56F6F8004C120A /* Toast in Frameworks */,
				CE2896352A5862DF009A829E /* FirebaseStorage in Frameworks */,
				CE75EF252A1BC6D300E5B8C9 /* FirebaseFirestoreSwift in Frameworks */,
				CEB21C382A574D3E0023B0A0 /* RSKImageCropper in Frameworks */,
			);
			runOnlyForDeploymentPostprocessing = 0;
		};
		CE8273462A7A8C4200B00EA9 /* Frameworks */ = {
			isa = PBXFrameworksBuildPhase;
			buildActionMask = 2147483647;
			files = (
			);
			runOnlyForDeploymentPostprocessing = 0;
		};
/* End PBXFrameworksBuildPhase section */

/* Begin PBXGroup section */
		CE2896332A5862DF009A829E /* Frameworks */ = {
			isa = PBXGroup;
			children = (
			);
			name = Frameworks;
			sourceTree = "<group>";
		};
		CE4D254F2A2E75D700891CEE /* Extensions */ = {
			isa = PBXGroup;
			children = (
				CE4D25502A2E75EE00891CEE /* UIViewControllerExtension.swift */,
				CE569DD82A30CDE20002CC05 /* StringExtension.swift */,
				CEB422AB2A6821EC001D778B /* UIDatePickerExtension.swift */,
			);
			path = Extensions;
			sourceTree = "<group>";
		};
		CE6A6F422A22380D0054017A /* Views */ = {
			isa = PBXGroup;
			children = (
				CE75EF0F2A1BC37600E5B8C9 /* Main.storyboard */,
				CE75EF142A1BC37800E5B8C9 /* LaunchScreen.storyboard */,
			);
			path = Views;
			sourceTree = "<group>";
		};
		CE75EEFD2A1BC37600E5B8C9 = {
			isa = PBXGroup;
			children = (
				CE75EF082A1BC37600E5B8C9 /* RestoranAppIsmarVisca */,
				CE82734A2A7A8C4200B00EA9 /* RestoranAppIsmarViscaUITests */,
				CE75EF072A1BC37600E5B8C9 /* Products */,
				CE2896332A5862DF009A829E /* Frameworks */,
			);
			sourceTree = "<group>";
		};
		CE75EF072A1BC37600E5B8C9 /* Products */ = {
			isa = PBXGroup;
			children = (
				CE75EF062A1BC37600E5B8C9 /* RestoranAppIsmarVisca.app */,
				CE8273492A7A8C4200B00EA9 /* RestoranAppIsmarViscaUITests.xctest */,
			);
			name = Products;
			sourceTree = "<group>";
		};
		CE75EF082A1BC37600E5B8C9 /* RestoranAppIsmarVisca */ = {
			isa = PBXGroup;
			children = (
				CE4D254F2A2E75D700891CEE /* Extensions */,
				CE9280B82A1E6B02009AC83B /* Models */,
				CE9280B32A1E662A009AC83B /* CustomViews */,
				CE75EF262A1BD60D00E5B8C9 /* fonts */,
				CE75EF092A1BC37600E5B8C9 /* AppDelegate.swift */,
				CE75EF0B2A1BC37600E5B8C9 /* SceneDelegate.swift */,
				CE75EF292A1BD6CC00E5B8C9 /* Controllers */,
				CE6A6F422A22380D0054017A /* Views */,
				CE75EF122A1BC37800E5B8C9 /* Assets.xcassets */,
				CE75EF172A1BC37800E5B8C9 /* Info.plist */,
				CE75EF1D2A1BC64800E5B8C9 /* GoogleService-Info.plist */,
			);
			path = RestoranAppIsmarVisca;
			sourceTree = "<group>";
		};
		CE75EF262A1BD60D00E5B8C9 /* fonts */ = {
			isa = PBXGroup;
			children = (
				CE75EF272A1BD62500E5B8C9 /* DancingScript-VariableFont_wght.ttf */,
			);
			path = fonts;
			sourceTree = "<group>";
		};
		CE75EF292A1BD6CC00E5B8C9 /* Controllers */ = {
			isa = PBXGroup;
			children = (
				CE9280AB2A1E5DF3009AC83B /* HomeViewController.swift */,
				CE9280AD2A1E5E1E009AC83B /* SearchViewController.swift */,
				CE9280AF2A1E5E4A009AC83B /* BasketViewController.swift */,
				CE9280B12A1E5E7C009AC83B /* ProfileViewController.swift */,
				CE6A6F402A222F0F0054017A /* DishDetailViewController.swift */,
				CE57D1282A3247FD0009BBF3 /* LogInViewController.swift */,
				CE57D12A2A32481B0009BBF3 /* SignUpViewController.swift */,
				CE15CA3A2A33662500870A3C /* UserProfileViewController.swift */,
				CE95508C2A34C67300467CE4 /* ProfileNavigationViewController.swift */,
				CEECAA2C2A35ECB5009107A7 /* NoBasketViewController.swift */,
				CE9B2EF62A3A5555007393B7 /* BasketOrderViewController.swift */,
				CEB508422A3B83FC008E7347 /* ChangeUserDetailsViewController.swift */,
				CEB508442A3B8633008E7347 /* UserProfileNavigationController.swift */,
				CEA38B8F2A4B487900815518 /* NoBasketNavigationViewController.swift */,
				CEA5D4702A532F0B007567D5 /* PasswordResetViewController.swift */,
				CEB422A92A6817A7001D778B /* ReservationsViewController.swift */,
				CE1C208A2A692F400096C2E0 /* ReservationDetailsViewController.swift */,
			);
			path = Controllers;
			sourceTree = "<group>";
		};
		CE82734A2A7A8C4200B00EA9 /* RestoranAppIsmarViscaUITests */ = {
			isa = PBXGroup;
			children = (
				CE82734B2A7A8C4200B00EA9 /* RestoranAppIsmarViscaUITests.swift */,
				CE82734D2A7A8C4200B00EA9 /* RestoranAppIsmarViscaUITestsLaunchTests.swift */,
				CE740BD52A7B98C00040DFFD /* UserLoggedOutUITests.swift */,
				CECA9FB32A7BD148000DF9CC /* UserLoggedInUITests.swift */,
			);
			path = RestoranAppIsmarViscaUITests;
			sourceTree = "<group>";
		};
		CE9280B32A1E662A009AC83B /* CustomViews */ = {
			isa = PBXGroup;
			children = (
				CE9280B42A1E665F009AC83B /* HomeFoodViewCell.swift */,
				CE9280B52A1E665F009AC83B /* HomeFoodViewCell.xib */,
				CE820DCE2A20BFFC0043D8BC /* CategoryViewCell.swift */,
				CE820DCF2A20BFFC0043D8BC /* CategoryViewCell.xib */,
				CE820DD42A20CDFD0043D8BC /* CategoryCardView.swift */,
				CE41DAA72A24FFA5006429EE /* SearchFoodViewCell.swift */,
				CE41DAA82A24FFA5006429EE /* SearchFoodViewCell.xib */,
				CECEFC9F2A262A5B00B84B21 /* ImageCardView.swift */,
				CE2BD5702A2BB20800F0A567 /* BasketFoodCollectionViewCell.swift */,
				CE2BD5712A2BB20800F0A567 /* BasketFoodCollectionViewCell.xib */,
				CE5B38BB2A55D34800847D5A /* PromotionViewCell.swift */,
				CE5B38BC2A55D34800847D5A /* PromotionViewCell.xib */,
			);
			path = CustomViews;
			sourceTree = "<group>";
		};
		CE9280B82A1E6B02009AC83B /* Models */ = {
			isa = PBXGroup;
			children = (
				CE9280B92A1E6B17009AC83B /* FoodDish.swift */,
				CE820DD22A20C3DC0043D8BC /* DishCategory.swift */,
				CE8059792A279DD00078887F /* FoodManager.swift */,
				CE4C24C62A290B8200586A89 /* MyVariables.swift */,
				CE15CA3C2A33687B00870A3C /* User.swift */,
				CE5B38BF2A55D62B00847D5A /* Promotion.swift */,
			);
			path = Models;
			sourceTree = "<group>";
		};
/* End PBXGroup section */

/* Begin PBXNativeTarget section */
		CE75EF052A1BC37600E5B8C9 /* RestoranAppIsmarVisca */ = {
			isa = PBXNativeTarget;
			buildConfigurationList = CE75EF1A2A1BC37800E5B8C9 /* Build configuration list for PBXNativeTarget "RestoranAppIsmarVisca" */;
			buildPhases = (
				CE75EF022A1BC37600E5B8C9 /* Sources */,
				CE75EF032A1BC37600E5B8C9 /* Frameworks */,
				CE75EF042A1BC37600E5B8C9 /* Resources */,
			);
			buildRules = (
			);
			dependencies = (
			);
			name = RestoranAppIsmarVisca;
			packageProductDependencies = (
				CE75EF202A1BC6D300E5B8C9 /* FirebaseAuth */,
				CE75EF222A1BC6D300E5B8C9 /* FirebaseFirestore */,
				CE75EF242A1BC6D300E5B8C9 /* FirebaseFirestoreSwift */,
				CE3A8A452A43401E0039605A /* IQKeyboardManagerSwift */,
				CE347EAF2A56F6F8004C120A /* Toast */,
				CEB21C372A574D3E0023B0A0 /* RSKImageCropper */,
				CE2896342A5862DF009A829E /* FirebaseStorage */,
			);
			productName = RestoranAppIsmarVisca;
			productReference = CE75EF062A1BC37600E5B8C9 /* RestoranAppIsmarVisca.app */;
			productType = "com.apple.product-type.application";
		};
		CE8273482A7A8C4200B00EA9 /* RestoranAppIsmarViscaUITests */ = {
			isa = PBXNativeTarget;
			buildConfigurationList = CE8273532A7A8C4200B00EA9 /* Build configuration list for PBXNativeTarget "RestoranAppIsmarViscaUITests" */;
			buildPhases = (
				CE8273452A7A8C4200B00EA9 /* Sources */,
				CE8273462A7A8C4200B00EA9 /* Frameworks */,
				CE8273472A7A8C4200B00EA9 /* Resources */,
			);
			buildRules = (
			);
			dependencies = (
				CE8273502A7A8C4200B00EA9 /* PBXTargetDependency */,
			);
			name = RestoranAppIsmarViscaUITests;
			productName = RestoranAppIsmarViscaUITests;
			productReference = CE8273492A7A8C4200B00EA9 /* RestoranAppIsmarViscaUITests.xctest */;
			productType = "com.apple.product-type.bundle.ui-testing";
		};
/* End PBXNativeTarget section */

/* Begin PBXProject section */
		CE75EEFE2A1BC37600E5B8C9 /* Project object */ = {
			isa = PBXProject;
			attributes = {
				BuildIndependentTargetsInParallel = 1;
				LastSwiftUpdateCheck = 1420;
				LastUpgradeCheck = 1420;
				TargetAttributes = {
					CE75EF052A1BC37600E5B8C9 = {
						CreatedOnToolsVersion = 14.2;
					};
					CE8273482A7A8C4200B00EA9 = {
						CreatedOnToolsVersion = 14.2;
						TestTargetID = CE75EF052A1BC37600E5B8C9;
					};
				};
			};
			buildConfigurationList = CE75EF012A1BC37600E5B8C9 /* Build configuration list for PBXProject "RestoranAppIsmarVisca" */;
			compatibilityVersion = "Xcode 14.0";
			developmentRegion = en;
			hasScannedForEncodings = 0;
			knownRegions = (
				en,
				Base,
			);
			mainGroup = CE75EEFD2A1BC37600E5B8C9;
			packageReferences = (
				CE75EF1F2A1BC6D300E5B8C9 /* XCRemoteSwiftPackageReference "firebase-ios-sdk" */,
				CE3A8A442A43401D0039605A /* XCRemoteSwiftPackageReference "IQKeyboardManager" */,
				CE347EAE2A56F6F8004C120A /* XCRemoteSwiftPackageReference "Toast-Swift" */,
				CEB21C362A574D3D0023B0A0 /* XCRemoteSwiftPackageReference "RSKImageCropper" */,
			);
			productRefGroup = CE75EF072A1BC37600E5B8C9 /* Products */;
			projectDirPath = "";
			projectRoot = "";
			targets = (
				CE75EF052A1BC37600E5B8C9 /* RestoranAppIsmarVisca */,
				CE8273482A7A8C4200B00EA9 /* RestoranAppIsmarViscaUITests */,
			);
		};
/* End PBXProject section */

/* Begin PBXResourcesBuildPhase section */
		CE75EF042A1BC37600E5B8C9 /* Resources */ = {
			isa = PBXResourcesBuildPhase;
			buildActionMask = 2147483647;
			files = (
				CE41DAAA2A24FFA5006429EE /* SearchFoodViewCell.xib in Resources */,
				CE75EF162A1BC37800E5B8C9 /* LaunchScreen.storyboard in Resources */,
				CE5B38BE2A55D34800847D5A /* PromotionViewCell.xib in Resources */,
				CE820DD12A20BFFC0043D8BC /* CategoryViewCell.xib in Resources */,
				CE75EF1E2A1BC64800E5B8C9 /* GoogleService-Info.plist in Resources */,
				CE75EF132A1BC37800E5B8C9 /* Assets.xcassets in Resources */,
				CE9280B72A1E665F009AC83B /* HomeFoodViewCell.xib in Resources */,
				CE75EF282A1BD62500E5B8C9 /* DancingScript-VariableFont_wght.ttf in Resources */,
				CE75EF112A1BC37600E5B8C9 /* Main.storyboard in Resources */,
				CE2BD5732A2BB20800F0A567 /* BasketFoodCollectionViewCell.xib in Resources */,
			);
			runOnlyForDeploymentPostprocessing = 0;
		};
		CE8273472A7A8C4200B00EA9 /* Resources */ = {
			isa = PBXResourcesBuildPhase;
			buildActionMask = 2147483647;
			files = (
			);
			runOnlyForDeploymentPostprocessing = 0;
		};
/* End PBXResourcesBuildPhase section */

/* Begin PBXSourcesBuildPhase section */
		CE75EF022A1BC37600E5B8C9 /* Sources */ = {
			isa = PBXSourcesBuildPhase;
			buildActionMask = 2147483647;
			files = (
				CE95508D2A34C67300467CE4 /* ProfileNavigationViewController.swift in Sources */,
				CEA5D4712A532F0B007567D5 /* PasswordResetViewController.swift in Sources */,
				CE9280B22A1E5E7C009AC83B /* ProfileViewController.swift in Sources */,
				CE820DD32A20C3DC0043D8BC /* DishCategory.swift in Sources */,
				CE4D25512A2E75EE00891CEE /* UIViewControllerExtension.swift in Sources */,
				CE41DAA92A24FFA5006429EE /* SearchFoodViewCell.swift in Sources */,
				CE9280BA2A1E6B17009AC83B /* FoodDish.swift in Sources */,
				CE6A6F412A222F0F0054017A /* DishDetailViewController.swift in Sources */,
				CE9280B02A1E5E4A009AC83B /* BasketViewController.swift in Sources */,
				CE9280AE2A1E5E1E009AC83B /* SearchViewController.swift in Sources */,
				CE57D1292A3247FE0009BBF3 /* LogInViewController.swift in Sources */,
				CE15CA3B2A33662500870A3C /* UserProfileViewController.swift in Sources */,
				CE9280B62A1E665F009AC83B /* HomeFoodViewCell.swift in Sources */,
				CEA38B902A4B487900815518 /* NoBasketNavigationViewController.swift in Sources */,
				CEB508452A3B8633008E7347 /* UserProfileNavigationController.swift in Sources */,
				CE75EF0A2A1BC37600E5B8C9 /* AppDelegate.swift in Sources */,
				CE9B2EF72A3A5555007393B7 /* BasketOrderViewController.swift in Sources */,
				CE5B38C02A55D62B00847D5A /* Promotion.swift in Sources */,
				CE820DD52A20CDFE0043D8BC /* CategoryCardView.swift in Sources */,
				CE2BD5722A2BB20800F0A567 /* BasketFoodCollectionViewCell.swift in Sources */,
				CE75EF0C2A1BC37600E5B8C9 /* SceneDelegate.swift in Sources */,
				CECEFCA02A262A5B00B84B21 /* ImageCardView.swift in Sources */,
				CE57D12B2A32481B0009BBF3 /* SignUpViewController.swift in Sources */,
				CEB422AA2A6817A7001D778B /* ReservationsViewController.swift in Sources */,
				CEECAA2D2A35ECB5009107A7 /* NoBasketViewController.swift in Sources */,
				CE4C24C72A290B8200586A89 /* MyVariables.swift in Sources */,
				CE820DD02A20BFFC0043D8BC /* CategoryViewCell.swift in Sources */,
				CE569DD92A30CDE20002CC05 /* StringExtension.swift in Sources */,
				CE9280AC2A1E5DF3009AC83B /* HomeViewController.swift in Sources */,
				CEB508432A3B83FC008E7347 /* ChangeUserDetailsViewController.swift in Sources */,
				CE5B38BD2A55D34800847D5A /* PromotionViewCell.swift in Sources */,
				CEB422AC2A6821EC001D778B /* UIDatePickerExtension.swift in Sources */,
				CE1C208B2A692F400096C2E0 /* ReservationDetailsViewController.swift in Sources */,
				CE80597A2A279DD00078887F /* FoodManager.swift in Sources */,
				CE15CA3D2A33687B00870A3C /* User.swift in Sources */,
			);
			runOnlyForDeploymentPostprocessing = 0;
		};
		CE8273452A7A8C4200B00EA9 /* Sources */ = {
			isa = PBXSourcesBuildPhase;
			buildActionMask = 2147483647;
			files = (
				CE740BD62A7B98C00040DFFD /* UserLoggedOutUITests.swift in Sources */,
				CECA9FB42A7BD148000DF9CC /* UserLoggedInUITests.swift in Sources */,
				CE82734E2A7A8C4200B00EA9 /* RestoranAppIsmarViscaUITestsLaunchTests.swift in Sources */,
				CE82734C2A7A8C4200B00EA9 /* RestoranAppIsmarViscaUITests.swift in Sources */,
			);
			runOnlyForDeploymentPostprocessing = 0;
		};
/* End PBXSourcesBuildPhase section */

/* Begin PBXTargetDependency section */
		CE8273502A7A8C4200B00EA9 /* PBXTargetDependency */ = {
			isa = PBXTargetDependency;
			target = CE75EF052A1BC37600E5B8C9 /* RestoranAppIsmarVisca */;
			targetProxy = CE82734F2A7A8C4200B00EA9 /* PBXContainerItemProxy */;
		};
/* End PBXTargetDependency section */

/* Begin PBXVariantGroup section */
		CE75EF0F2A1BC37600E5B8C9 /* Main.storyboard */ = {
			isa = PBXVariantGroup;
			children = (
				CE75EF102A1BC37600E5B8C9 /* Base */,
			);
			name = Main.storyboard;
			sourceTree = "<group>";
		};
		CE75EF142A1BC37800E5B8C9 /* LaunchScreen.storyboard */ = {
			isa = PBXVariantGroup;
			children = (
				CE75EF152A1BC37800E5B8C9 /* Base */,
			);
			name = LaunchScreen.storyboard;
			sourceTree = "<group>";
		};
/* End PBXVariantGroup section */

/* Begin XCBuildConfiguration section */
		CE75EF182A1BC37800E5B8C9 /* Debug */ = {
			isa = XCBuildConfiguration;
			buildSettings = {
				ALWAYS_SEARCH_USER_PATHS = NO;
				CLANG_ANALYZER_NONNULL = YES;
				CLANG_ANALYZER_NUMBER_OBJECT_CONVERSION = YES_AGGRESSIVE;
				CLANG_CXX_LANGUAGE_STANDARD = "gnu++20";
				CLANG_ENABLE_MODULES = YES;
				CLANG_ENABLE_OBJC_ARC = YES;
				CLANG_ENABLE_OBJC_WEAK = YES;
				CLANG_WARN_BLOCK_CAPTURE_AUTORELEASING = YES;
				CLANG_WARN_BOOL_CONVERSION = YES;
				CLANG_WARN_COMMA = YES;
				CLANG_WARN_CONSTANT_CONVERSION = YES;
				CLANG_WARN_DEPRECATED_OBJC_IMPLEMENTATIONS = YES;
				CLANG_WARN_DIRECT_OBJC_ISA_USAGE = YES_ERROR;
				CLANG_WARN_DOCUMENTATION_COMMENTS = YES;
				CLANG_WARN_EMPTY_BODY = YES;
				CLANG_WARN_ENUM_CONVERSION = YES;
				CLANG_WARN_INFINITE_RECURSION = YES;
				CLANG_WARN_INT_CONVERSION = YES;
				CLANG_WARN_NON_LITERAL_NULL_CONVERSION = YES;
				CLANG_WARN_OBJC_IMPLICIT_RETAIN_SELF = YES;
				CLANG_WARN_OBJC_LITERAL_CONVERSION = YES;
				CLANG_WARN_OBJC_ROOT_CLASS = YES_ERROR;
				CLANG_WARN_QUOTED_INCLUDE_IN_FRAMEWORK_HEADER = YES;
				CLANG_WARN_RANGE_LOOP_ANALYSIS = YES;
				CLANG_WARN_STRICT_PROTOTYPES = YES;
				CLANG_WARN_SUSPICIOUS_MOVE = YES;
				CLANG_WARN_UNGUARDED_AVAILABILITY = YES_AGGRESSIVE;
				CLANG_WARN_UNREACHABLE_CODE = YES;
				CLANG_WARN__DUPLICATE_METHOD_MATCH = YES;
				COPY_PHASE_STRIP = NO;
				DEBUG_INFORMATION_FORMAT = dwarf;
				ENABLE_STRICT_OBJC_MSGSEND = YES;
				ENABLE_TESTABILITY = YES;
				GCC_C_LANGUAGE_STANDARD = gnu11;
				GCC_DYNAMIC_NO_PIC = NO;
				GCC_NO_COMMON_BLOCKS = YES;
				GCC_OPTIMIZATION_LEVEL = 0;
				GCC_PREPROCESSOR_DEFINITIONS = (
					"DEBUG=1",
					"$(inherited)",
				);
				GCC_WARN_64_TO_32_BIT_CONVERSION = YES;
				GCC_WARN_ABOUT_RETURN_TYPE = YES_ERROR;
				GCC_WARN_UNDECLARED_SELECTOR = YES;
				GCC_WARN_UNINITIALIZED_AUTOS = YES_AGGRESSIVE;
				GCC_WARN_UNUSED_FUNCTION = YES;
				GCC_WARN_UNUSED_VARIABLE = YES;
				IPHONEOS_DEPLOYMENT_TARGET = 16.2;
				MTL_ENABLE_DEBUG_INFO = INCLUDE_SOURCE;
				MTL_FAST_MATH = YES;
				ONLY_ACTIVE_ARCH = YES;
				SDKROOT = iphoneos;
				SWIFT_ACTIVE_COMPILATION_CONDITIONS = DEBUG;
				SWIFT_OPTIMIZATION_LEVEL = "-Onone";
			};
			name = Debug;
		};
		CE75EF192A1BC37800E5B8C9 /* Release */ = {
			isa = XCBuildConfiguration;
			buildSettings = {
				ALWAYS_SEARCH_USER_PATHS = NO;
				CLANG_ANALYZER_NONNULL = YES;
				CLANG_ANALYZER_NUMBER_OBJECT_CONVERSION = YES_AGGRESSIVE;
				CLANG_CXX_LANGUAGE_STANDARD = "gnu++20";
				CLANG_ENABLE_MODULES = YES;
				CLANG_ENABLE_OBJC_ARC = YES;
				CLANG_ENABLE_OBJC_WEAK = YES;
				CLANG_WARN_BLOCK_CAPTURE_AUTORELEASING = YES;
				CLANG_WARN_BOOL_CONVERSION = YES;
				CLANG_WARN_COMMA = YES;
				CLANG_WARN_CONSTANT_CONVERSION = YES;
				CLANG_WARN_DEPRECATED_OBJC_IMPLEMENTATIONS = YES;
				CLANG_WARN_DIRECT_OBJC_ISA_USAGE = YES_ERROR;
				CLANG_WARN_DOCUMENTATION_COMMENTS = YES;
				CLANG_WARN_EMPTY_BODY = YES;
				CLANG_WARN_ENUM_CONVERSION = YES;
				CLANG_WARN_INFINITE_RECURSION = YES;
				CLANG_WARN_INT_CONVERSION = YES;
				CLANG_WARN_NON_LITERAL_NULL_CONVERSION = YES;
				CLANG_WARN_OBJC_IMPLICIT_RETAIN_SELF = YES;
				CLANG_WARN_OBJC_LITERAL_CONVERSION = YES;
				CLANG_WARN_OBJC_ROOT_CLASS = YES_ERROR;
				CLANG_WARN_QUOTED_INCLUDE_IN_FRAMEWORK_HEADER = YES;
				CLANG_WARN_RANGE_LOOP_ANALYSIS = YES;
				CLANG_WARN_STRICT_PROTOTYPES = YES;
				CLANG_WARN_SUSPICIOUS_MOVE = YES;
				CLANG_WARN_UNGUARDED_AVAILABILITY = YES_AGGRESSIVE;
				CLANG_WARN_UNREACHABLE_CODE = YES;
				CLANG_WARN__DUPLICATE_METHOD_MATCH = YES;
				COPY_PHASE_STRIP = NO;
				DEBUG_INFORMATION_FORMAT = "dwarf-with-dsym";
				ENABLE_NS_ASSERTIONS = NO;
				ENABLE_STRICT_OBJC_MSGSEND = YES;
				GCC_C_LANGUAGE_STANDARD = gnu11;
				GCC_NO_COMMON_BLOCKS = YES;
				GCC_WARN_64_TO_32_BIT_CONVERSION = YES;
				GCC_WARN_ABOUT_RETURN_TYPE = YES_ERROR;
				GCC_WARN_UNDECLARED_SELECTOR = YES;
				GCC_WARN_UNINITIALIZED_AUTOS = YES_AGGRESSIVE;
				GCC_WARN_UNUSED_FUNCTION = YES;
				GCC_WARN_UNUSED_VARIABLE = YES;
				IPHONEOS_DEPLOYMENT_TARGET = 16.2;
				MTL_ENABLE_DEBUG_INFO = NO;
				MTL_FAST_MATH = YES;
				SDKROOT = iphoneos;
				SWIFT_COMPILATION_MODE = wholemodule;
				SWIFT_OPTIMIZATION_LEVEL = "-O";
				VALIDATE_PRODUCT = YES;
			};
			name = Release;
		};
		CE75EF1B2A1BC37800E5B8C9 /* Debug */ = {
			isa = XCBuildConfiguration;
			buildSettings = {
				ASSETCATALOG_COMPILER_APPICON_NAME = AppIcon;
				ASSETCATALOG_COMPILER_GLOBAL_ACCENT_COLOR_NAME = AccentColor;
				CODE_SIGN_STYLE = Automatic;
				CURRENT_PROJECT_VERSION = 1;
				DEVELOPMENT_TEAM = ZPURC57K73;
				GENERATE_INFOPLIST_FILE = YES;
				INFOPLIST_FILE = RestoranAppIsmarVisca/Info.plist;
				INFOPLIST_KEY_UIApplicationSupportsIndirectInputEvents = YES;
				INFOPLIST_KEY_UILaunchStoryboardName = LaunchScreen;
				INFOPLIST_KEY_UIMainStoryboardFile = Main;
				INFOPLIST_KEY_UISupportedInterfaceOrientations = UIInterfaceOrientationPortrait;
				LD_RUNPATH_SEARCH_PATHS = (
					"$(inherited)",
					"@executable_path/Frameworks",
				);
				MARKETING_VERSION = 1.0;
				PRODUCT_BUNDLE_IDENTIFIER = com.ismar.RestoranAppIsmarVisca;
				PRODUCT_NAME = "$(TARGET_NAME)";
				SWIFT_EMIT_LOC_STRINGS = YES;
				SWIFT_VERSION = 5.0;
				TARGETED_DEVICE_FAMILY = "1,2";
			};
			name = Debug;
		};
		CE75EF1C2A1BC37800E5B8C9 /* Release */ = {
			isa = XCBuildConfiguration;
			buildSettings = {
				ASSETCATALOG_COMPILER_APPICON_NAME = AppIcon;
				ASSETCATALOG_COMPILER_GLOBAL_ACCENT_COLOR_NAME = AccentColor;
				CODE_SIGN_STYLE = Automatic;
				CURRENT_PROJECT_VERSION = 1;
				DEVELOPMENT_TEAM = ZPURC57K73;
				GENERATE_INFOPLIST_FILE = YES;
				INFOPLIST_FILE = RestoranAppIsmarVisca/Info.plist;
				INFOPLIST_KEY_UIApplicationSupportsIndirectInputEvents = YES;
				INFOPLIST_KEY_UILaunchStoryboardName = LaunchScreen;
				INFOPLIST_KEY_UIMainStoryboardFile = Main;
				INFOPLIST_KEY_UISupportedInterfaceOrientations = UIInterfaceOrientationPortrait;
				LD_RUNPATH_SEARCH_PATHS = (
					"$(inherited)",
					"@executable_path/Frameworks",
				);
				MARKETING_VERSION = 1.0;
				PRODUCT_BUNDLE_IDENTIFIER = com.ismar.RestoranAppIsmarVisca;
				PRODUCT_NAME = "$(TARGET_NAME)";
				SWIFT_EMIT_LOC_STRINGS = YES;
				SWIFT_VERSION = 5.0;
				TARGETED_DEVICE_FAMILY = "1,2";
			};
			name = Release;
		};
		CE8273512A7A8C4200B00EA9 /* Debug */ = {
			isa = XCBuildConfiguration;
			buildSettings = {
				CODE_SIGN_STYLE = Automatic;
				CURRENT_PROJECT_VERSION = 1;
				DEVELOPMENT_TEAM = ZPURC57K73;
				GENERATE_INFOPLIST_FILE = YES;
				MARKETING_VERSION = 1.0;
				PRODUCT_BUNDLE_IDENTIFIER = com.ismar.RestoranAppIsmarViscaUITests;
				PRODUCT_NAME = "$(TARGET_NAME)";
				SWIFT_EMIT_LOC_STRINGS = NO;
				SWIFT_VERSION = 5.0;
				TARGETED_DEVICE_FAMILY = "1,2";
				TEST_TARGET_NAME = RestoranAppIsmarVisca;
			};
			name = Debug;
		};
		CE8273522A7A8C4200B00EA9 /* Release */ = {
			isa = XCBuildConfiguration;
			buildSettings = {
				CODE_SIGN_STYLE = Automatic;
				CURRENT_PROJECT_VERSION = 1;
				DEVELOPMENT_TEAM = ZPURC57K73;
				GENERATE_INFOPLIST_FILE = YES;
				MARKETING_VERSION = 1.0;
				PRODUCT_BUNDLE_IDENTIFIER = com.ismar.RestoranAppIsmarViscaUITests;
				PRODUCT_NAME = "$(TARGET_NAME)";
				SWIFT_EMIT_LOC_STRINGS = NO;
				SWIFT_VERSION = 5.0;
				TARGETED_DEVICE_FAMILY = "1,2";
				TEST_TARGET_NAME = RestoranAppIsmarVisca;
			};
			name = Release;
		};
/* End XCBuildConfiguration section */

/* Begin XCConfigurationList section */
		CE75EF012A1BC37600E5B8C9 /* Build configuration list for PBXProject "RestoranAppIsmarVisca" */ = {
			isa = XCConfigurationList;
			buildConfigurations = (
				CE75EF182A1BC37800E5B8C9 /* Debug */,
				CE75EF192A1BC37800E5B8C9 /* Release */,
			);
			defaultConfigurationIsVisible = 0;
			defaultConfigurationName = Release;
		};
		CE75EF1A2A1BC37800E5B8C9 /* Build configuration list for PBXNativeTarget "RestoranAppIsmarVisca" */ = {
			isa = XCConfigurationList;
			buildConfigurations = (
				CE75EF1B2A1BC37800E5B8C9 /* Debug */,
				CE75EF1C2A1BC37800E5B8C9 /* Release */,
			);
			defaultConfigurationIsVisible = 0;
			defaultConfigurationName = Release;
		};
		CE8273532A7A8C4200B00EA9 /* Build configuration list for PBXNativeTarget "RestoranAppIsmarViscaUITests" */ = {
			isa = XCConfigurationList;
			buildConfigurations = (
				CE8273512A7A8C4200B00EA9 /* Debug */,
				CE8273522A7A8C4200B00EA9 /* Release */,
			);
			defaultConfigurationIsVisible = 0;
			defaultConfigurationName = Release;
		};
/* End XCConfigurationList section */

/* Begin XCRemoteSwiftPackageReference section */
		CE347EAE2A56F6F8004C120A /* XCRemoteSwiftPackageReference "Toast-Swift" */ = {
			isa = XCRemoteSwiftPackageReference;
			repositoryURL = "https://github.com/scalessec/Toast-Swift";
			requirement = {
				kind = upToNextMajorVersion;
				minimumVersion = 5.0.0;
			};
		};
		CE3A8A442A43401D0039605A /* XCRemoteSwiftPackageReference "IQKeyboardManager" */ = {
			isa = XCRemoteSwiftPackageReference;
			repositoryURL = "https://github.com/hackiftekhar/IQKeyboardManager";
			requirement = {
				kind = upToNextMajorVersion;
				minimumVersion = 6.0.0;
			};
		};
		CE75EF1F2A1BC6D300E5B8C9 /* XCRemoteSwiftPackageReference "firebase-ios-sdk" */ = {
			isa = XCRemoteSwiftPackageReference;
			repositoryURL = "https://github.com/firebase/firebase-ios-sdk";
			requirement = {
				kind = upToNextMajorVersion;
				minimumVersion = 9.0.0;
			};
		};
		CEB21C362A574D3D0023B0A0 /* XCRemoteSwiftPackageReference "RSKImageCropper" */ = {
			isa = XCRemoteSwiftPackageReference;
			repositoryURL = "https://github.com/ruslanskorb/RSKImageCropper";
			requirement = {
				kind = upToNextMajorVersion;
				minimumVersion = 4.0.0;
			};
		};
/* End XCRemoteSwiftPackageReference section */

/* Begin XCSwiftPackageProductDependency section */
		CE2896342A5862DF009A829E /* FirebaseStorage */ = {
			isa = XCSwiftPackageProductDependency;
			package = CE75EF1F2A1BC6D300E5B8C9 /* XCRemoteSwiftPackageReference "firebase-ios-sdk" */;
			productName = FirebaseStorage;
		};
		CE347EAF2A56F6F8004C120A /* Toast */ = {
			isa = XCSwiftPackageProductDependency;
			package = CE347EAE2A56F6F8004C120A /* XCRemoteSwiftPackageReference "Toast-Swift" */;
			productName = Toast;
		};
		CE3A8A452A43401E0039605A /* IQKeyboardManagerSwift */ = {
			isa = XCSwiftPackageProductDependency;
			package = CE3A8A442A43401D0039605A /* XCRemoteSwiftPackageReference "IQKeyboardManager" */;
			productName = IQKeyboardManagerSwift;
		};
		CE75EF202A1BC6D300E5B8C9 /* FirebaseAuth */ = {
			isa = XCSwiftPackageProductDependency;
			package = CE75EF1F2A1BC6D300E5B8C9 /* XCRemoteSwiftPackageReference "firebase-ios-sdk" */;
			productName = FirebaseAuth;
		};
		CE75EF222A1BC6D300E5B8C9 /* FirebaseFirestore */ = {
			isa = XCSwiftPackageProductDependency;
			package = CE75EF1F2A1BC6D300E5B8C9 /* XCRemoteSwiftPackageReference "firebase-ios-sdk" */;
			productName = FirebaseFirestore;
		};
		CE75EF242A1BC6D300E5B8C9 /* FirebaseFirestoreSwift */ = {
			isa = XCSwiftPackageProductDependency;
			package = CE75EF1F2A1BC6D300E5B8C9 /* XCRemoteSwiftPackageReference "firebase-ios-sdk" */;
			productName = FirebaseFirestoreSwift;
		};
		CEB21C372A574D3E0023B0A0 /* RSKImageCropper */ = {
			isa = XCSwiftPackageProductDependency;
			package = CEB21C362A574D3D0023B0A0 /* XCRemoteSwiftPackageReference "RSKImageCropper" */;
			productName = RSKImageCropper;
		};
/* End XCSwiftPackageProductDependency section */
	};
	rootObject = CE75EEFE2A1BC37600E5B8C9 /* Project object */;
}
